# This file is autogenerated, do not edit; changes may be undone by the next 'dep ensure'.


[[projects]]
  digest = "1:8d5f3dd3988533f65bf88b04df7de2dd8a5bffe2766e80ed667b31a5295df127"
  name = "github.com/Azure/go-autorest"
  packages = [
    "autorest",
    "autorest/adal",
    "autorest/azure",
    "autorest/azure/auth",
    "autorest/azure/cli",
    "autorest/date",
    "logger",
    "tracing",
  ]
  pruneopts = "UT"
  revision = "3492b2aff5036c67228ab3c7dba3577c871db200"
  version = "v13.3.0"

[[projects]]
  digest = "1:76dc72490af7174349349838f2fe118996381b31ea83243812a97e5a0fd5ed55"
  name = "github.com/dgrijalva/jwt-go"
  packages = ["."]
  pruneopts = "UT"
  revision = "06ea1031745cb8b3dab3f6a236daf2b0aa468b7e"
  version = "v3.2.0"

[[projects]]
  digest = "1:cf0d2e435fd4ce45b789e93ef24b5f08e86be0e9807a16beb3694e2d8c9af965"
  name = "github.com/dimchansky/utfbom"
  packages = ["."]
  pruneopts = "UT"
  revision = "d2133a1ce379ef6fa992b0514a77146c60db9d1c"
  version = "v1.1.0"

[[projects]]
  digest = "1:582b704bebaa06b48c29b0cec224a6058a09c86883aaddabde889cd1a5f73e1b"
  name = "github.com/google/uuid"
  packages = ["."]
  pruneopts = "UT"
  revision = "0cd6bf5da1e1c83f8b45653022c74f71af0538a4"
  version = "v1.1.1"

[[projects]]
  digest = "1:ae993d6dfbc5e2012fed2ab44d5a35ff28772583b68759454a327c069de318ec"
  name = "github.com/kylelemons/godebug"
  packages = [
    "diff",
    "pretty",
  ]
  pruneopts = "UT"
  revision = "9ff306d4fbead574800b66369df5b6144732d58e"
  version = "v1.1.0"

[[projects]]
  digest = "1:5d231480e1c64a726869bc4142d270184c419749d34f167646baa21008eb0a79"
  name = "github.com/mitchellh/go-homedir"
  packages = ["."]
  pruneopts = "UT"
  revision = "af06845cf3004701891bf4fdb884bfe4920b3727"
  version = "v1.1.0"

[[projects]]
  branch = "master"
  digest = "1:f604f5e2ee721b6757d962dfe7bab4f28aae50c456e39cfb2f3819762a44a6ae"
  name = "golang.org/x/crypto"
  packages = [
    "pkcs12",
    "pkcs12/internal/rc2",
  ]
  pruneopts = "UT"
  revision = "bd318be0434a57050ed475e0f45c3dbb16c09c2e"

[solve-meta]
  analyzer-name = "dep"
  analyzer-version = 1
  input-imports = [
    "github.com/Azure/go-autorest/autorest",
    "github.com/Azure/go-autorest/autorest/azure/auth",
    "github.com/google/uuid",
    "github.com/kylelemons/godebug/pretty",
  ]
  solver-name = "gps-cdcl"
  solver-version = 1
